
Microsoft Visual Studio Solution File, Format Version 12.00
# Visual Studio Version 17
VisualStudioVersion = 17.14.36616.10 d17.14
MinimumVisualStudioVersion = 10.0.40219.1
Project("{FAE04EC0-301F-11D3-BF4B-00C04F79EFBC}") = "Testing", "Testing\Testing.csproj", "{78445282-A5C3-4E9B-953F-D5209E3C82F4}"
EndProject
Global
	GlobalSection(SolutionConfigurationPlatforms) = preSolution
		Debug|Any CPU = Debug|Any CPU
		Release|Any CPU = Release|Any CPU
	EndGlobalSection
	GlobalSection(ProjectConfigurationPlatforms) = postSolution
		{78445282-A5C3-4E9B-953F-D5209E3C82F4}.Debug|Any CPU.ActiveCfg = Debug|Any CPU
		{78445282-A5C3-4E9B-953F-D5209E3C82F4}.Debug|Any CPU.Build.0 = Debug|Any CPU
		{78445282-A5C3-4E9B-953F-D5209E3C82F4}.Release|Any CPU.ActiveCfg = Release|Any CPU
		{78445282-A5C3-4E9B-953F-D5209E3C82F4}.Release|Any CPU.Build.0 = Release|Any CPU
	EndGlobalSection
	GlobalSection(SolutionProperties) = preSolution
		HideSolutionNode = FALSE
	EndGlobalSection
	GlobalSection(ExtensibilityGlobals) = postSolution
		SolutionGuid = {8BD1D629-DF18-48E6-A812-4807BB2BDF3B}
	EndGlobalSection
EndGlobal
