
Microsoft Visual Studio Solution File, Format Version 12.00
# Visual Studio Version 17
VisualStudioVersion = 17.14.36616.10 d17.14
MinimumVisualStudioVersion = 10.0.40219.1
Project("{FAE04EC0-301F-11D3-BF4B-00C04F79EFBC}") = "B1", "B1\B1.csproj", "{C122FDC1-2A45-4D5C-A191-F3EAFF2A063F}"
EndProject
Global
	GlobalSection(SolutionConfigurationPlatforms) = preSolution
		Debug|Any CPU = Debug|Any CPU
		Release|Any CPU = Release|Any CPU
	EndGlobalSection
	GlobalSection(ProjectConfigurationPlatforms) = postSolution
		{C122FDC1-2A45-4D5C-A191-F3EAFF2A063F}.Debug|Any CPU.ActiveCfg = Debug|Any CPU
		{C122FDC1-2A45-4D5C-A191-F3EAFF2A063F}.Debug|Any CPU.Build.0 = Debug|Any CPU
		{C122FDC1-2A45-4D5C-A191-F3EAFF2A063F}.Release|Any CPU.ActiveCfg = Release|Any CPU
		{C122FDC1-2A45-4D5C-A191-F3EAFF2A063F}.Release|Any CPU.Build.0 = Release|Any CPU
	EndGlobalSection
	GlobalSection(SolutionProperties) = preSolution
		HideSolutionNode = FALSE
	EndGlobalSection
	GlobalSection(ExtensibilityGlobals) = postSolution
		SolutionGuid = {3C68FC89-BC6E-40C7-BD25-B2A952E5E1CF}
	EndGlobalSection
EndGlobal
